
Microsoft Visual Studio Solution File, Format Version 12.00
# Visual Studio Version 17
VisualStudioVersion = 17.11.35222.181
MinimumVisualStudioVersion = 10.0.40219.1
Project("{FAE04EC0-301F-11D3-BF4B-00C04F79EFBC}") = "Tarea 1", "Tarea 1\Tarea 1.csproj", "{535E22F2-82F2-4731-81B2-2C4C7E53D0A9}"
EndProject
Global
	GlobalSection(SolutionConfigurationPlatforms) = preSolution
		Debug|Any CPU = Debug|Any CPU
		Release|Any CPU = Release|Any CPU
	EndGlobalSection
	GlobalSection(ProjectConfigurationPlatforms) = postSolution
		{535E22F2-82F2-4731-81B2-2C4C7E53D0A9}.Debug|Any CPU.ActiveCfg = Debug|Any CPU
		{535E22F2-82F2-4731-81B2-2C4C7E53D0A9}.Debug|Any CPU.Build.0 = Debug|Any CPU
		{535E22F2-82F2-4731-81B2-2C4C7E53D0A9}.Release|Any CPU.ActiveCfg = Release|Any CPU
		{535E22F2-82F2-4731-81B2-2C4C7E53D0A9}.Release|Any CPU.Build.0 = Release|Any CPU
	EndGlobalSection
	GlobalSection(SolutionProperties) = preSolution
		HideSolutionNode = FALSE
	EndGlobalSection
	GlobalSection(ExtensibilityGlobals) = postSolution
		SolutionGuid = {9E1768D0-E2D8-4EA7-9917-163CEC4EDF8B}
	EndGlobalSection
EndGlobal
